
Microsoft Visual Studio Solution File, Format Version 12.00
# Visual Studio Version 17
VisualStudioVersion = 17.9.34728.123
MinimumVisualStudioVersion = 10.0.40219.1
Project("{FAE04EC0-301F-11D3-BF4B-00C04F79EFBC}") = "ProjectRapidOOP", "ProjectRapidOOP\ProjectRapidOOP.csproj", "{95546DBB-8A5E-42F2-94D0-3226BE0DDB59}"
EndProject
Global
	GlobalSection(SolutionConfigurationPlatforms) = preSolution
		Debug|Any CPU = Debug|Any CPU
		Release|Any CPU = Release|Any CPU
	EndGlobalSection
	GlobalSection(ProjectConfigurationPlatforms) = postSolution
		{95546DBB-8A5E-42F2-94D0-3226BE0DDB59}.Debug|Any CPU.ActiveCfg = Debug|Any CPU
		{95546DBB-8A5E-42F2-94D0-3226BE0DDB59}.Debug|Any CPU.Build.0 = Debug|Any CPU
		{95546DBB-8A5E-42F2-94D0-3226BE0DDB59}.Release|Any CPU.ActiveCfg = Release|Any CPU
		{95546DBB-8A5E-42F2-94D0-3226BE0DDB59}.Release|Any CPU.Build.0 = Release|Any CPU
	EndGlobalSection
	GlobalSection(SolutionProperties) = preSolution
		HideSolutionNode = FALSE
	EndGlobalSection
	GlobalSection(ExtensibilityGlobals) = postSolution
		SolutionGuid = {A76A4B5A-C25E-41FE-9F30-07FDE0B9DB94}
	EndGlobalSection
EndGlobal
